
Microsoft Visual Studio Solution File, Format Version 12.00
# Visual Studio Version 16
VisualStudioVersion = 16.0.31424.327
MinimumVisualStudioVersion = 10.0.40219.1
Project("{FAE04EC0-301F-11D3-BF4B-00C04F79EFBC}") = "EXERCISE 4", "EXERCISE 4\EXERCISE 4.csproj", "{2E0D62E1-7860-4D9F-999C-107B94BCB9B8}"
EndProject
Global
	GlobalSection(SolutionConfigurationPlatforms) = preSolution
		Debug|Any CPU = Debug|Any CPU
		Release|Any CPU = Release|Any CPU
	EndGlobalSection
	GlobalSection(ProjectConfigurationPlatforms) = postSolution
		{2E0D62E1-7860-4D9F-999C-107B94BCB9B8}.Debug|Any CPU.ActiveCfg = Debug|Any CPU
		{2E0D62E1-7860-4D9F-999C-107B94BCB9B8}.Debug|Any CPU.Build.0 = Debug|Any CPU
		{2E0D62E1-7860-4D9F-999C-107B94BCB9B8}.Release|Any CPU.ActiveCfg = Release|Any CPU
		{2E0D62E1-7860-4D9F-999C-107B94BCB9B8}.Release|Any CPU.Build.0 = Release|Any CPU
	EndGlobalSection
	GlobalSection(SolutionProperties) = preSolution
		HideSolutionNode = FALSE
	EndGlobalSection
	GlobalSection(ExtensibilityGlobals) = postSolution
		SolutionGuid = {4E783E2F-B466-4AA1-B8D1-2348B9949224}
	EndGlobalSection
EndGlobal
